
Microsoft Visual Studio Solution File, Format Version 12.00
# Visual Studio 15
VisualStudioVersion = 15.0.28307.572
MinimumVisualStudioVersion = 10.0.40219.1
Project("{8BC9CEB8-8B4A-11D0-8D11-00A0C91BC942}") = "RunInSandbox", "RunInSandbox\RunInSandbox.vcxproj", "{67D22CEF-2225-45ED-A1B5-239D1D7502F8}"
	ProjectSection(ProjectDependencies) = postProject
		{D519401F-4A16-41A6-80AF-E3CAE2D9AE04} = {D519401F-4A16-41A6-80AF-E3CAE2D9AE04}
	EndProjectSection
EndProject
Project("{8BC9CEB8-8B4A-11D0-8D11-00A0C91BC942}") = "TestControl", "TestControl\TestControl.vcxproj", "{D519401F-4A16-41A6-80AF-E3CAE2D9AE04}"
EndProject
Project("{2150E333-8FDC-42A3-9474-1A3956D46DE8}") = "Solution Items", "Solution Items", "{E4F9DC73-D4E0-4110-B69A-BEC030DD1798}"
	ProjectSection(SolutionItems) = preProject
		README.md = README.md
	EndProjectSection
EndProject
Global
	GlobalSection(SolutionConfigurationPlatforms) = preSolution
		Debug|x64 = Debug|x64
		Debug|x86 = Debug|x86
		Release|x64 = Release|x64
		Release|x86 = Release|x86
	EndGlobalSection
	GlobalSection(ProjectConfigurationPlatforms) = postSolution
		{67D22CEF-2225-45ED-A1B5-239D1D7502F8}.Debug|x64.ActiveCfg = Debug|x64
		{67D22CEF-2225-45ED-A1B5-239D1D7502F8}.Debug|x64.Build.0 = Debug|x64
		{67D22CEF-2225-45ED-A1B5-239D1D7502F8}.Debug|x86.ActiveCfg = Debug|Win32
		{67D22CEF-2225-45ED-A1B5-239D1D7502F8}.Debug|x86.Build.0 = Debug|Win32
		{67D22CEF-2225-45ED-A1B5-239D1D7502F8}.Release|x64.ActiveCfg = Release|x64
		{67D22CEF-2225-45ED-A1B5-239D1D7502F8}.Release|x64.Build.0 = Release|x64
		{67D22CEF-2225-45ED-A1B5-239D1D7502F8}.Release|x86.ActiveCfg = Release|Win32
		{67D22CEF-2225-45ED-A1B5-239D1D7502F8}.Release|x86.Build.0 = Release|Win32
		{D519401F-4A16-41A6-80AF-E3CAE2D9AE04}.Debug|x64.ActiveCfg = Debug|x64
		{D519401F-4A16-41A6-80AF-E3CAE2D9AE04}.Debug|x64.Build.0 = Debug|x64
		{D519401F-4A16-41A6-80AF-E3CAE2D9AE04}.Debug|x86.ActiveCfg = Debug|Win32
		{D519401F-4A16-41A6-80AF-E3CAE2D9AE04}.Debug|x86.Build.0 = Debug|Win32
		{D519401F-4A16-41A6-80AF-E3CAE2D9AE04}.Release|x64.ActiveCfg = Release|x64
		{D519401F-4A16-41A6-80AF-E3CAE2D9AE04}.Release|x64.Build.0 = Release|x64
		{D519401F-4A16-41A6-80AF-E3CAE2D9AE04}.Release|x86.ActiveCfg = Release|Win32
		{D519401F-4A16-41A6-80AF-E3CAE2D9AE04}.Release|x86.Build.0 = Release|Win32
	EndGlobalSection
	GlobalSection(SolutionProperties) = preSolution
		HideSolutionNode = FALSE
	EndGlobalSection
	GlobalSection(ExtensibilityGlobals) = postSolution
		SolutionGuid = {24142E88-E402-4B99-BE35-55E4240D0559}
	EndGlobalSection
EndGlobal
