
Microsoft Visual Studio Solution File, Format Version 12.00
# Visual Studio Version 17
VisualStudioVersion = 17.8.34330.188
MinimumVisualStudioVersion = 10.0.40219.1
Project("{8BC9CEB8-8B4A-11D0-8D11-00A0C91BC942}") = "RunInSandbox", "RunInSandbox\RunInSandbox.vcxproj", "{67D22CEF-2225-45ED-A1B5-239D1D7502F8}"
	ProjectSection(ProjectDependencies) = postProject
		{D519401F-4A16-41A6-80AF-E3CAE2D9AE04} = {D519401F-4A16-41A6-80AF-E3CAE2D9AE04}
	EndProjectSection
EndProject
Project("{8BC9CEB8-8B4A-11D0-8D11-00A0C91BC942}") = "TestControl", "TestControl\TestControl.vcxproj", "{D519401F-4A16-41A6-80AF-E3CAE2D9AE04}"
EndProject
Project("{2150E333-8FDC-42A3-9474-1A3956D46DE8}") = "Solution Items", "Solution Items", "{E4F9DC73-D4E0-4110-B69A-BEC030DD1798}"
	ProjectSection(SolutionItems) = preProject
		ComElevation.md = ComElevation.md
		README.md = README.md
	EndProjectSection
EndProject
Project("{8BC9CEB8-8B4A-11D0-8D11-00A0C91BC942}") = "TryToAccess", "TryToAccess\TryToAccess.vcxproj", "{30B5888C-49F6-4E13-8E0A-2C2240B87553}"
EndProject
Project("{8BC9CEB8-8B4A-11D0-8D11-00A0C91BC942}") = "GrantAccess", "GrantAccess\GrantAccess.vcxproj", "{18BE57E3-8256-4C8F-8F28-6BA57704ADE8}"
EndProject
Project("{9A19103F-16F7-4668-BE54-9A1E7A4F7556}") = "RunElevatedNet", "RunElevatedNet\RunElevatedNet.csproj", "{9E3FE3EA-EB11-4703-9CDD-7F15E08AF0E9}"
EndProject
Global
	GlobalSection(SolutionConfigurationPlatforms) = preSolution
		Debug|x64 = Debug|x64
		Release|x64 = Release|x64
	EndGlobalSection
	GlobalSection(ProjectConfigurationPlatforms) = postSolution
		{67D22CEF-2225-45ED-A1B5-239D1D7502F8}.Debug|x64.ActiveCfg = Debug|x64
		{67D22CEF-2225-45ED-A1B5-239D1D7502F8}.Debug|x64.Build.0 = Debug|x64
		{67D22CEF-2225-45ED-A1B5-239D1D7502F8}.Release|x64.ActiveCfg = Release|x64
		{67D22CEF-2225-45ED-A1B5-239D1D7502F8}.Release|x64.Build.0 = Release|x64
		{D519401F-4A16-41A6-80AF-E3CAE2D9AE04}.Debug|x64.ActiveCfg = Debug|x64
		{D519401F-4A16-41A6-80AF-E3CAE2D9AE04}.Debug|x64.Build.0 = Debug|x64
		{D519401F-4A16-41A6-80AF-E3CAE2D9AE04}.Release|x64.ActiveCfg = Release|x64
		{D519401F-4A16-41A6-80AF-E3CAE2D9AE04}.Release|x64.Build.0 = Release|x64
		{30B5888C-49F6-4E13-8E0A-2C2240B87553}.Debug|x64.ActiveCfg = Debug|x64
		{30B5888C-49F6-4E13-8E0A-2C2240B87553}.Debug|x64.Build.0 = Debug|x64
		{30B5888C-49F6-4E13-8E0A-2C2240B87553}.Release|x64.ActiveCfg = Release|x64
		{30B5888C-49F6-4E13-8E0A-2C2240B87553}.Release|x64.Build.0 = Release|x64
		{18BE57E3-8256-4C8F-8F28-6BA57704ADE8}.Debug|x64.ActiveCfg = Debug|x64
		{18BE57E3-8256-4C8F-8F28-6BA57704ADE8}.Debug|x64.Build.0 = Debug|x64
		{18BE57E3-8256-4C8F-8F28-6BA57704ADE8}.Release|x64.ActiveCfg = Release|x64
		{18BE57E3-8256-4C8F-8F28-6BA57704ADE8}.Release|x64.Build.0 = Release|x64
		{9E3FE3EA-EB11-4703-9CDD-7F15E08AF0E9}.Debug|x64.ActiveCfg = Debug|Any CPU
		{9E3FE3EA-EB11-4703-9CDD-7F15E08AF0E9}.Debug|x64.Build.0 = Debug|Any CPU
		{9E3FE3EA-EB11-4703-9CDD-7F15E08AF0E9}.Release|x64.ActiveCfg = Release|Any CPU
		{9E3FE3EA-EB11-4703-9CDD-7F15E08AF0E9}.Release|x64.Build.0 = Release|Any CPU
	EndGlobalSection
	GlobalSection(SolutionProperties) = preSolution
		HideSolutionNode = FALSE
	EndGlobalSection
	GlobalSection(ExtensibilityGlobals) = postSolution
		SolutionGuid = {24142E88-E402-4B99-BE35-55E4240D0559}
	EndGlobalSection
EndGlobal
